
Microsoft Visual Studio Solution File, Format Version 12.00
# Visual Studio 15
VisualStudioVersion = 15.0.28307.902
MinimumVisualStudioVersion = 10.0.40219.1
Project("{FAE04EC0-301F-11D3-BF4B-00C04F79EFBC}") = "CSharpDesignPatternsPractice", "CSharpDesignPatternsPractice\CSharpDesignPatternsPractice.csproj", "{6DFCC3EF-E116-4048-AF4C-F9CBD72950EF}"
EndProject
Project("{FAE04EC0-301F-11D3-BF4B-00C04F79EFBC}") = "PatternLibrary", "PatternLibrary\PatternLibrary.csproj", "{4569DEDB-D0BC-4A0D-BF6B-9E7F9471415E}"
EndProject
Global
	GlobalSection(SolutionConfigurationPlatforms) = preSolution
		Debug|Any CPU = Debug|Any CPU
		Release|Any CPU = Release|Any CPU
	EndGlobalSection
	GlobalSection(ProjectConfigurationPlatforms) = postSolution
		{6DFCC3EF-E116-4048-AF4C-F9CBD72950EF}.Debug|Any CPU.ActiveCfg = Debug|Any CPU
		{6DFCC3EF-E116-4048-AF4C-F9CBD72950EF}.Debug|Any CPU.Build.0 = Debug|Any CPU
		{6DFCC3EF-E116-4048-AF4C-F9CBD72950EF}.Release|Any CPU.ActiveCfg = Release|Any CPU
		{6DFCC3EF-E116-4048-AF4C-F9CBD72950EF}.Release|Any CPU.Build.0 = Release|Any CPU
		{4569DEDB-D0BC-4A0D-BF6B-9E7F9471415E}.Debug|Any CPU.ActiveCfg = Debug|Any CPU
		{4569DEDB-D0BC-4A0D-BF6B-9E7F9471415E}.Debug|Any CPU.Build.0 = Debug|Any CPU
		{4569DEDB-D0BC-4A0D-BF6B-9E7F9471415E}.Release|Any CPU.ActiveCfg = Release|Any CPU
		{4569DEDB-D0BC-4A0D-BF6B-9E7F9471415E}.Release|Any CPU.Build.0 = Release|Any CPU
	EndGlobalSection
	GlobalSection(SolutionProperties) = preSolution
		HideSolutionNode = FALSE
	EndGlobalSection
	GlobalSection(ExtensibilityGlobals) = postSolution
		SolutionGuid = {96DACC3A-D231-4F5D-A28A-2A5FD54060A4}
	EndGlobalSection
EndGlobal
